
Microsoft Visual Studio Solution File, Format Version 12.00
# Visual Studio Version 17
VisualStudioVersion = 17.6.33815.320
MinimumVisualStudioVersion = 10.0.40219.1
Project("{FAE04EC0-301F-11D3-BF4B-00C04F79EFBC}") = "kiosk1", "kiosk1.csproj", "{05639AF4-0B0E-46D4-8F0C-0E214ED9644B}"
EndProject
Global
	GlobalSection(SolutionConfigurationPlatforms) = preSolution
		Debug|Any CPU = Debug|Any CPU
		Release|Any CPU = Release|Any CPU
	EndGlobalSection
	GlobalSection(ProjectConfigurationPlatforms) = postSolution
		{05639AF4-0B0E-46D4-8F0C-0E214ED9644B}.Debug|Any CPU.ActiveCfg = Debug|Any CPU
		{05639AF4-0B0E-46D4-8F0C-0E214ED9644B}.Debug|Any CPU.Build.0 = Debug|Any CPU
		{05639AF4-0B0E-46D4-8F0C-0E214ED9644B}.Release|Any CPU.ActiveCfg = Release|Any CPU
		{05639AF4-0B0E-46D4-8F0C-0E214ED9644B}.Release|Any CPU.Build.0 = Release|Any CPU
	EndGlobalSection
	GlobalSection(SolutionProperties) = preSolution
		HideSolutionNode = FALSE
	EndGlobalSection
	GlobalSection(ExtensibilityGlobals) = postSolution
		SolutionGuid = {14240EA6-588C-41CA-937E-CF762BD7C79C}
	EndGlobalSection
EndGlobal
